// !$*UTF8*$!
{
	archiveVersion = 1;
	classes = {
	};
	objectVersion = 46;
	objects = {

/* Begin PBXBuildFile section */
		06909B9A1B36A45600BBB358 /* AppDelegate.swift in Sources */ = {isa = PBXBuildFile; fileRef = 06909B991B36A45600BBB358 /* AppDelegate.swift */; };
		06909B9C1B36A45600BBB358 /* ViewController.swift in Sources */ = {isa = PBXBuildFile; fileRef = 06909B9B1B36A45600BBB358 /* ViewController.swift */; };
		06909B9F1B36A45600BBB358 /* Main.storyboard in Resources */ = {isa = PBXBuildFile; fileRef = 06909B9D1B36A45600BBB358 /* Main.storyboard */; };
		06909BA11B36A45600BBB358 /* Images.xcassets in Resources */ = {isa = PBXBuildFile; fileRef = 06909BA01B36A45600BBB358 /* Images.xcassets */; };
		06909BA41B36A45600BBB358 /* LaunchScreen.xib in Resources */ = {isa = PBXBuildFile; fileRef = 06909BA21B36A45600BBB358 /* LaunchScreen.xib */; };
		06909BB01B36A45600BBB358 /* yoteacher2Tests.swift in Sources */ = {isa = PBXBuildFile; fileRef = 06909BAF1B36A45600BBB358 /* yoteacher2Tests.swift */; };
		06BDD1C51B3AA867009E9610 /* libPushSDK-1.8.3.a in Frameworks */ = {isa = PBXBuildFile; fileRef = 06BDD1C41B3AA867009E9610 /* libPushSDK-1.8.3.a */; };
		06BDD1C81B3AAAC7009E9610 /* SystemConfiguration.framework in Frameworks */ = {isa = PBXBuildFile; fileRef = 06BDD1C71B3AAAC7009E9610 /* SystemConfiguration.framework */; };
		06BDD1CA1B3AAAE6009E9610 /* CoreTelephony.framework in Frameworks */ = {isa = PBXBuildFile; fileRef = 06BDD1C91B3AAAE6009E9610 /* CoreTelephony.framework */; };
		06BDD1CC1B3AABAF009E9610 /* libz.dylib in Frameworks */ = {isa = PBXBuildFile; fileRef = 06BDD1CB1B3AABAF009E9610 /* libz.dylib */; };
		06BDD1D11B3AABFB009E9610 /* PushConfig.plist in Resources */ = {isa = PBXBuildFile; fileRef = 06BDD1D01B3AABFB009E9610 /* PushConfig.plist */; };
/* End PBXBuildFile section */

/* Begin PBXContainerItemProxy section */
		06909BAA1B36A45600BBB358 /* PBXContainerItemProxy */ = {
			isa = PBXContainerItemProxy;
			containerPortal = 06909B8C1B36A45500BBB358 /* Project object */;
			proxyType = 1;
			remoteGlobalIDString = 06909B931B36A45500BBB358;
			remoteInfo = yoteacher2;
		};
/* End PBXContainerItemProxy section */

/* Begin PBXFileReference section */
		06909B941B36A45600BBB358 /* yoteacher2.app */ = {isa = PBXFileReference; explicitFileType = wrapper.application; includeInIndex = 0; path = yoteacher2.app; sourceTree = BUILT_PRODUCTS_DIR; };
		06909B981B36A45600BBB358 /* Info.plist */ = {isa = PBXFileReference; lastKnownFileType = text.plist.xml; path = Info.plist; sourceTree = "<group>"; };
		06909B991B36A45600BBB358 /* AppDelegate.swift */ = {isa = PBXFileReference; lastKnownFileType = sourcecode.swift; path = AppDelegate.swift; sourceTree = "<group>"; };
		06909B9B1B36A45600BBB358 /* ViewController.swift */ = {isa = PBXFileReference; lastKnownFileType = sourcecode.swift; path = ViewController.swift; sourceTree = "<group>"; };
		06909B9E1B36A45600BBB358 /* Base */ = {isa = PBXFileReference; lastKnownFileType = file.storyboard; name = Base; path = Base.lproj/Main.storyboard; sourceTree = "<group>"; };
		06909BA01B36A45600BBB358 /* Images.xcassets */ = {isa = PBXFileReference; lastKnownFileType = folder.assetcatalog; path = Images.xcassets; sourceTree = "<group>"; };
		06909BA31B36A45600BBB358 /* Base */ = {isa = PBXFileReference; lastKnownFileType = file.xib; name = Base; path = Base.lproj/LaunchScreen.xib; sourceTree = "<group>"; };
		06909BA91B36A45600BBB358 /* yoteacher2Tests.xctest */ = {isa = PBXFileReference; explicitFileType = wrapper.cfbundle; includeInIndex = 0; path = yoteacher2Tests.xctest; sourceTree = BUILT_PRODUCTS_DIR; };
		06909BAE1B36A45600BBB358 /* Info.plist */ = {isa = PBXFileReference; lastKnownFileType = text.plist.xml; path = Info.plist; sourceTree = "<group>"; };
		06909BAF1B36A45600BBB358 /* yoteacher2Tests.swift */ = {isa = PBXFileReference; lastKnownFileType = sourcecode.swift; path = yoteacher2Tests.swift; sourceTree = "<group>"; };
		06BDD1C01B3AA824009E9610 /* yoteacher2-Bridging-Header.h */ = {isa = PBXFileReference; lastKnownFileType = sourcecode.c.h; path = "yoteacher2-Bridging-Header.h"; sourceTree = "<group>"; };
		06BDD1C31B3AA867009E9610 /* APService.h */ = {isa = PBXFileReference; fileEncoding = 4; lastKnownFileType = sourcecode.c.h; name = APService.h; path = libJPush/APService.h; sourceTree = "<group>"; };
		06BDD1C41B3AA867009E9610 /* libPushSDK-1.8.3.a */ = {isa = PBXFileReference; lastKnownFileType = archive.ar; name = "libPushSDK-1.8.3.a"; path = "libJPush/libPushSDK-1.8.3.a"; sourceTree = "<group>"; };
		06BDD1C71B3AAAC7009E9610 /* SystemConfiguration.framework */ = {isa = PBXFileReference; lastKnownFileType = wrapper.framework; name = SystemConfiguration.framework; path = System/Library/Frameworks/SystemConfiguration.framework; sourceTree = SDKROOT; };
		06BDD1C91B3AAAE6009E9610 /* CoreTelephony.framework */ = {isa = PBXFileReference; lastKnownFileType = wrapper.framework; name = CoreTelephony.framework; path = System/Library/Frameworks/CoreTelephony.framework; sourceTree = SDKROOT; };
		06BDD1CB1B3AABAF009E9610 /* libz.dylib */ = {isa = PBXFileReference; lastKnownFileType = "compiled.mach-o.dylib"; name = libz.dylib; path = usr/lib/libz.dylib; sourceTree = SDKROOT; };
		06BDD1D01B3AABFB009E9610 /* PushConfig.plist */ = {isa = PBXFileReference; fileEncoding = 4; lastKnownFileType = text.plist.xml; name = PushConfig.plist; path = libJPush/PushConfig.plist; sourceTree = "<group>"; };
/* End PBXFileReference section */

/* Begin PBXFrameworksBuildPhase section */
		06909B911B36A45500BBB358 /* Frameworks */ = {
			isa = PBXFrameworksBuildPhase;
			buildActionMask = 2147483647;
			files = (
				06BDD1CC1B3AABAF009E9610 /* libz.dylib in Frameworks */,
				06BDD1CA1B3AAAE6009E9610 /* CoreTelephony.framework in Frameworks */,
				06BDD1C81B3AAAC7009E9610 /* SystemConfiguration.framework in Frameworks */,
				06BDD1C51B3AA867009E9610 /* libPushSDK-1.8.3.a in Frameworks */,
			);
			runOnlyForDeploymentPostprocessing = 0;
		};
		06909BA61B36A45600BBB358 /* Frameworks */ = {
			isa = PBXFrameworksBuildPhase;
			buildActionMask = 2147483647;
			files = (
			);
			runOnlyForDeploymentPostprocessing = 0;
		};
/* End PBXFrameworksBuildPhase section */

/* Begin PBXGroup section */
		06909B8B1B36A45500BBB358 = {
			isa = PBXGroup;
			children = (
				06BDD1CD1B3AABC3009E9610 /* framework */,
				06BDD1C61B3AA86B009E9610 /* libJPush */,
				06BDD1C01B3AA824009E9610 /* yoteacher2-Bridging-Header.h */,
				06909B961B36A45600BBB358 /* yoteacher2 */,
				06909BAC1B36A45600BBB358 /* yoteacher2Tests */,
				06909B951B36A45600BBB358 /* Products */,
			);
			sourceTree = "<group>";
		};
		06909B951B36A45600BBB358 /* Products */ = {
			isa = PBXGroup;
			children = (
				06909B941B36A45600BBB358 /* yoteacher2.app */,
				06909BA91B36A45600BBB358 /* yoteacher2Tests.xctest */,
			);
			name = Products;
			sourceTree = "<group>";
		};
		06909B961B36A45600BBB358 /* yoteacher2 */ = {
			isa = PBXGroup;
			children = (
				06909B991B36A45600BBB358 /* AppDelegate.swift */,
				06909B9B1B36A45600BBB358 /* ViewController.swift */,
				06909B9D1B36A45600BBB358 /* Main.storyboard */,
				06909BA01B36A45600BBB358 /* Images.xcassets */,
				06909BA21B36A45600BBB358 /* LaunchScreen.xib */,
				06909B971B36A45600BBB358 /* Supporting Files */,
			);
			path = yoteacher2;
			sourceTree = "<group>";
		};
		06909B971B36A45600BBB358 /* Supporting Files */ = {
			isa = PBXGroup;
			children = (
				06909B981B36A45600BBB358 /* Info.plist */,
			);
			name = "Supporting Files";
			sourceTree = "<group>";
		};
		06909BAC1B36A45600BBB358 /* yoteacher2Tests */ = {
			isa = PBXGroup;
			children = (
				06909BAF1B36A45600BBB358 /* yoteacher2Tests.swift */,
				06909BAD1B36A45600BBB358 /* Supporting Files */,
			);
			path = yoteacher2Tests;
			sourceTree = "<group>";
		};
		06909BAD1B36A45600BBB358 /* Supporting Files */ = {
			isa = PBXGroup;
			children = (
				06909BAE1B36A45600BBB358 /* Info.plist */,
			);
			name = "Supporting Files";
			sourceTree = "<group>";
		};
		06BDD1C61B3AA86B009E9610 /* libJPush */ = {
			isa = PBXGroup;
			children = (
				06BDD1D01B3AABFB009E9610 /* PushConfig.plist */,
				06BDD1C31B3AA867009E9610 /* APService.h */,
				06BDD1C41B3AA867009E9610 /* libPushSDK-1.8.3.a */,
			);
			name = libJPush;
			sourceTree = "<group>";
		};
		06BDD1CD1B3AABC3009E9610 /* framework */ = {
			isa = PBXGroup;
			children = (
				06BDD1CB1B3AABAF009E9610 /* libz.dylib */,
				06BDD1C91B3AAAE6009E9610 /* CoreTelephony.framework */,
				06BDD1C71B3AAAC7009E9610 /* SystemConfiguration.framework */,
			);
			name = framework;
			sourceTree = "<group>";
		};
/* End PBXGroup section */

/* Begin PBXNativeTarget section */
		06909B931B36A45500BBB358 /* yoteacher2 */ = {
			isa = PBXNativeTarget;
			buildConfigurationList = 06909BB31B36A45600BBB358 /* Build configuration list for PBXNativeTarget "yoteacher2" */;
			buildPhases = (
				06909B901B36A45500BBB358 /* Sources */,
				06909B911B36A45500BBB358 /* Frameworks */,
				06909B921B36A45500BBB358 /* Resources */,
			);
			buildRules = (
			);
			dependencies = (
			);
			name = yoteacher2;
			productName = yoteacher2;
			productReference = 06909B941B36A45600BBB358 /* yoteacher2.app */;
			productType = "com.apple.product-type.application";
		};
		06909BA81B36A45600BBB358 /* yoteacher2Tests */ = {
			isa = PBXNativeTarget;
			buildConfigurationList = 06909BB61B36A45600BBB358 /* Build configuration list for PBXNativeTarget "yoteacher2Tests" */;
			buildPhases = (
				06909BA51B36A45600BBB358 /* Sources */,
				06909BA61B36A45600BBB358 /* Frameworks */,
				06909BA71B36A45600BBB358 /* Resources */,
			);
			buildRules = (
			);
			dependencies = (
				06909BAB1B36A45600BBB358 /* PBXTargetDependency */,
			);
			name = yoteacher2Tests;
			productName = yoteacher2Tests;
			productReference = 06909BA91B36A45600BBB358 /* yoteacher2Tests.xctest */;
			productType = "com.apple.product-type.bundle.unit-test";
		};
/* End PBXNativeTarget section */

/* Begin PBXProject section */
		06909B8C1B36A45500BBB358 /* Project object */ = {
			isa = PBXProject;
			attributes = {
				LastUpgradeCheck = 0630;
				TargetAttributes = {
					06909B931B36A45500BBB358 = {
						CreatedOnToolsVersion = 6.3.2;
					};
					06909BA81B36A45600BBB358 = {
						CreatedOnToolsVersion = 6.3.2;
						TestTargetID = 06909B931B36A45500BBB358;
					};
				};
			};
			buildConfigurationList = 06909B8F1B36A45500BBB358 /* Build configuration list for PBXProject "yoteacher2" */;
			compatibilityVersion = "Xcode 3.2";
			developmentRegion = English;
			hasScannedForEncodings = 0;
			knownRegions = (
				en,
				Base,
			);
			mainGroup = 06909B8B1B36A45500BBB358;
			productRefGroup = 06909B951B36A45600BBB358 /* Products */;
			projectDirPath = "";
			projectRoot = "";
			targets = (
				06909B931B36A45500BBB358 /* yoteacher2 */,
				06909BA81B36A45600BBB358 /* yoteacher2Tests */,
			);
		};
/* End PBXProject section */

/* Begin PBXResourcesBuildPhase section */
		06909B921B36A45500BBB358 /* Resources */ = {
			isa = PBXResourcesBuildPhase;
			buildActionMask = 2147483647;
			files = (
				06BDD1D11B3AABFB009E9610 /* PushConfig.plist in Resources */,
				06909B9F1B36A45600BBB358 /* Main.storyboard in Resources */,
				06909BA41B36A45600BBB358 /* LaunchScreen.xib in Resources */,
				06909BA11B36A45600BBB358 /* Images.xcassets in Resources */,
			);
			runOnlyForDeploymentPostprocessing = 0;
		};
		06909BA71B36A45600BBB358 /* Resources */ = {
			isa = PBXResourcesBuildPhase;
			buildActionMask = 2147483647;
			files = (
			);
			runOnlyForDeploymentPostprocessing = 0;
		};
/* End PBXResourcesBuildPhase section */

/* Begin PBXSourcesBuildPhase section */
		06909B901B36A45500BBB358 /* Sources */ = {
			isa = PBXSourcesBuildPhase;
			buildActionMask = 2147483647;
			files = (
				06909B9C1B36A45600BBB358 /* ViewController.swift in Sources */,
				06909B9A1B36A45600BBB358 /* AppDelegate.swift in Sources */,
			);
			runOnlyForDeploymentPostprocessing = 0;
		};
		06909BA51B36A45600BBB358 /* Sources */ = {
			isa = PBXSourcesBuildPhase;
			buildActionMask = 2147483647;
			files = (
				06909BB01B36A45600BBB358 /* yoteacher2Tests.swift in Sources */,
			);
			runOnlyForDeploymentPostprocessing = 0;
		};
/* End PBXSourcesBuildPhase section */

/* Begin PBXTargetDependency section */
		06909BAB1B36A45600BBB358 /* PBXTargetDependency */ = {
			isa = PBXTargetDependency;
			target = 06909B931B36A45500BBB358 /* yoteacher2 */;
			targetProxy = 06909BAA1B36A45600BBB358 /* PBXContainerItemProxy */;
		};
/* End PBXTargetDependency section */

/* Begin PBXVariantGroup section */
		06909B9D1B36A45600BBB358 /* Main.storyboard */ = {
			isa = PBXVariantGroup;
			children = (
				06909B9E1B36A45600BBB358 /* Base */,
			);
			name = Main.storyboard;
			sourceTree = "<group>";
		};
		06909BA21B36A45600BBB358 /* LaunchScreen.xib */ = {
			isa = PBXVariantGroup;
			children = (
				06909BA31B36A45600BBB358 /* Base */,
			);
			name = LaunchScreen.xib;
			sourceTree = "<group>";
		};
/* End PBXVariantGroup section */

/* Begin XCBuildConfiguration section */
		06909BB11B36A45600BBB358 /* Debug */ = {
			isa = XCBuildConfiguration;
			buildSettings = {
				ALWAYS_SEARCH_USER_PATHS = NO;
				CLANG_CXX_LANGUAGE_STANDARD = "gnu++0x";
				CLANG_CXX_LIBRARY = "libc++";
				CLANG_ENABLE_MODULES = YES;
				CLANG_ENABLE_OBJC_ARC = YES;
				CLANG_WARN_BOOL_CONVERSION = YES;
				CLANG_WARN_CONSTANT_CONVERSION = YES;
				CLANG_WARN_DIRECT_OBJC_ISA_USAGE = YES_ERROR;
				CLANG_WARN_EMPTY_BODY = YES;
				CLANG_WARN_ENUM_CONVERSION = YES;
				CLANG_WARN_INT_CONVERSION = YES;
				CLANG_WARN_OBJC_ROOT_CLASS = YES_ERROR;
				CLANG_WARN_UNREACHABLE_CODE = YES;
				CLANG_WARN__DUPLICATE_METHOD_MATCH = YES;
				"CODE_SIGN_IDENTITY[sdk=iphoneos*]" = "iPhone Developer";
				COPY_PHASE_STRIP = NO;
				DEBUG_INFORMATION_FORMAT = "dwarf-with-dsym";
				ENABLE_STRICT_OBJC_MSGSEND = YES;
				GCC_C_LANGUAGE_STANDARD = gnu99;
				GCC_DYNAMIC_NO_PIC = NO;
				GCC_NO_COMMON_BLOCKS = YES;
				GCC_OPTIMIZATION_LEVEL = 0;
				GCC_PREPROCESSOR_DEFINITIONS = (
					"DEBUG=1",
					"$(inherited)",
				);
				GCC_SYMBOLS_PRIVATE_EXTERN = NO;
				GCC_WARN_64_TO_32_BIT_CONVERSION = YES;
				GCC_WARN_ABOUT_RETURN_TYPE = YES_ERROR;
				GCC_WARN_UNDECLARED_SELECTOR = YES;
				GCC_WARN_UNINITIALIZED_AUTOS = YES_AGGRESSIVE;
				GCC_WARN_UNUSED_FUNCTION = YES;
				GCC_WARN_UNUSED_VARIABLE = YES;
				IPHONEOS_DEPLOYMENT_TARGET = 8.3;
				MTL_ENABLE_DEBUG_INFO = YES;
				ONLY_ACTIVE_ARCH = YES;
				SDKROOT = iphoneos;
				SWIFT_OPTIMIZATION_LEVEL = "-Onone";
			};
			name = Debug;
		};
		06909BB21B36A45600BBB358 /* Release */ = {
			isa = XCBuildConfiguration;
			buildSettings = {
				ALWAYS_SEARCH_USER_PATHS = NO;
				CLANG_CXX_LANGUAGE_STANDARD = "gnu++0x";
				CLANG_CXX_LIBRARY = "libc++";
				CLANG_ENABLE_MODULES = YES;
				CLANG_ENABLE_OBJC_ARC = YES;
				CLANG_WARN_BOOL_CONVERSION = YES;
				CLANG_WARN_CONSTANT_CONVERSION = YES;
				CLANG_WARN_DIRECT_OBJC_ISA_USAGE = YES_ERROR;
				CLANG_WARN_EMPTY_BODY = YES;
				CLANG_WARN_ENUM_CONVERSION = YES;
				CLANG_WARN_INT_CONVERSION = YES;
				CLANG_WARN_OBJC_ROOT_CLASS = YES_ERROR;
				CLANG_WARN_UNREACHABLE_CODE = YES;
				CLANG_WARN__DUPLICATE_METHOD_MATCH = YES;
				"CODE_SIGN_IDENTITY[sdk=iphoneos*]" = "iPhone Developer";
				COPY_PHASE_STRIP = NO;
				DEBUG_INFORMATION_FORMAT = "dwarf-with-dsym";
				ENABLE_NS_ASSERTIONS = NO;
				ENABLE_STRICT_OBJC_MSGSEND = YES;
				GCC_C_LANGUAGE_STANDARD = gnu99;
				GCC_NO_COMMON_BLOCKS = YES;
				GCC_WARN_64_TO_32_BIT_CONVERSION = YES;
				GCC_WARN_ABOUT_RETURN_TYPE = YES_ERROR;
				GCC_WARN_UNDECLARED_SELECTOR = YES;
				GCC_WARN_UNINITIALIZED_AUTOS = YES_AGGRESSIVE;
				GCC_WARN_UNUSED_FUNCTION = YES;
				GCC_WARN_UNUSED_VARIABLE = YES;
				IPHONEOS_DEPLOYMENT_TARGET = 8.3;
				MTL_ENABLE_DEBUG_INFO = NO;
				SDKROOT = iphoneos;
				VALIDATE_PRODUCT = YES;
			};
			name = Release;
		};
		06909BB41B36A45600BBB358 /* Debug */ = {
			isa = XCBuildConfiguration;
			buildSettings = {
				ASSETCATALOG_COMPILER_APPICON_NAME = AppIcon;
				INFOPLIST_FILE = yoteacher2/Info.plist;
				LD_RUNPATH_SEARCH_PATHS = "$(inherited) @executable_path/Frameworks";
				LIBRARY_SEARCH_PATHS = (
					"$(inherited)",
					"$(PROJECT_DIR)/libJPush",
				);
				PRODUCT_NAME = "$(TARGET_NAME)";
				SWIFT_OBJC_BRIDGING_HEADER = "yoteacher2-Bridging-Header.h";
			};
			name = Debug;
		};
		06909BB51B36A45600BBB358 /* Release */ = {
			isa = XCBuildConfiguration;
			buildSettings = {
				ASSETCATALOG_COMPILER_APPICON_NAME = AppIcon;
				INFOPLIST_FILE = yoteacher2/Info.plist;
				LD_RUNPATH_SEARCH_PATHS = "$(inherited) @executable_path/Frameworks";
				LIBRARY_SEARCH_PATHS = (
					"$(inherited)",
					"$(PROJECT_DIR)/libJPush",
				);
				PRODUCT_NAME = "$(TARGET_NAME)";
				SWIFT_OBJC_BRIDGING_HEADER = "yoteacher2-Bridging-Header.h";
			};
			name = Release;
		};
		06909BB71B36A45600BBB358 /* Debug */ = {
			isa = XCBuildConfiguration;
			buildSettings = {
				BUNDLE_LOADER = "$(TEST_HOST)";
				FRAMEWORK_SEARCH_PATHS = (
					"$(SDKROOT)/Developer/Library/Frameworks",
					"$(inherited)",
				);
				GCC_PREPROCESSOR_DEFINITIONS = (
					"DEBUG=1",
					"$(inherited)",
				);
				INFOPLIST_FILE = yoteacher2Tests/Info.plist;
				LD_RUNPATH_SEARCH_PATHS = "$(inherited) @executable_path/Frameworks @loader_path/Frameworks";
				PRODUCT_NAME = "$(TARGET_NAME)";
				TEST_HOST = "$(BUILT_PRODUCTS_DIR)/yoteacher2.app/yoteacher2";
			};
			name = Debug;
		};
		06909BB81B36A45600BBB358 /* Release */ = {
			isa = XCBuildConfiguration;
			buildSettings = {
				BUNDLE_LOADER = "$(TEST_HOST)";
				FRAMEWORK_SEARCH_PATHS = (
					"$(SDKROOT)/Developer/Library/Frameworks",
					"$(inherited)",
				);
				INFOPLIST_FILE = yoteacher2Tests/Info.plist;
				LD_RUNPATH_SEARCH_PATHS = "$(inherited) @executable_path/Frameworks @loader_path/Frameworks";
				PRODUCT_NAME = "$(TARGET_NAME)";
				TEST_HOST = "$(BUILT_PRODUCTS_DIR)/yoteacher2.app/yoteacher2";
			};
			name = Release;
		};
/* End XCBuildConfiguration section */

/* Begin XCConfigurationList section */
		06909B8F1B36A45500BBB358 /* Build configuration list for PBXProject "yoteacher2" */ = {
			isa = XCConfigurationList;
			buildConfigurations = (
				06909BB11B36A45600BBB358 /* Debug */,
				06909BB21B36A45600BBB358 /* Release */,
			);
			defaultConfigurationIsVisible = 0;
			defaultConfigurationName = Release;
		};
		06909BB31B36A45600BBB358 /* Build configuration list for PBXNativeTarget "yoteacher2" */ = {
			isa = XCConfigurationList;
			buildConfigurations = (
				06909BB41B36A45600BBB358 /* Debug */,
				06909BB51B36A45600BBB358 /* Release */,
			);
			defaultConfigurationIsVisible = 0;
			defaultConfigurationName = Release;
		};
		06909BB61B36A45600BBB358 /* Build configuration list for PBXNativeTarget "yoteacher2Tests" */ = {
			isa = XCConfigurationList;
			buildConfigurations = (
				06909BB71B36A45600BBB358 /* Debug */,
				06909BB81B36A45600BBB358 /* Release */,
			);
			defaultConfigurationIsVisible = 0;
			defaultConfigurationName = Release;
		};
/* End XCConfigurationList section */
	};
	rootObject = 06909B8C1B36A45500BBB358 /* Project object */;
}
